
Microsoft Visual Studio Solution File, Format Version 12.00
# Visual Studio Version 16
VisualStudioVersion = 16.0.31624.102
MinimumVisualStudioVersion = 10.0.40219.1
Project("{FAE04EC0-301F-11D3-BF4B-00C04F79EFBC}") = "edyt", "edyt\edyt.csproj", "{BBB971E7-1AD4-4ACE-A107-CD9CAB7E0041}"
EndProject
Global
	GlobalSection(SolutionConfigurationPlatforms) = preSolution
		Debug|Any CPU = Debug|Any CPU
		Release|Any CPU = Release|Any CPU
	EndGlobalSection
	GlobalSection(ProjectConfigurationPlatforms) = postSolution
		{BBB971E7-1AD4-4ACE-A107-CD9CAB7E0041}.Debug|Any CPU.ActiveCfg = Debug|Any CPU
		{BBB971E7-1AD4-4ACE-A107-CD9CAB7E0041}.Debug|Any CPU.Build.0 = Debug|Any CPU
		{BBB971E7-1AD4-4ACE-A107-CD9CAB7E0041}.Release|Any CPU.ActiveCfg = Release|Any CPU
		{BBB971E7-1AD4-4ACE-A107-CD9CAB7E0041}.Release|Any CPU.Build.0 = Release|Any CPU
	EndGlobalSection
	GlobalSection(SolutionProperties) = preSolution
		HideSolutionNode = FALSE
	EndGlobalSection
	GlobalSection(ExtensibilityGlobals) = postSolution
		SolutionGuid = {A9469D6B-0E8E-460E-91C7-F16BBF051DA0}
	EndGlobalSection
EndGlobal
